
Microsoft Visual Studio Solution File, Format Version 12.00
# Visual Studio Version 17
VisualStudioVersion = 17.14.36915.13 d17.14
MinimumVisualStudioVersion = 10.0.40219.1
Project("{FAE04EC0-301F-11D3-BF4B-00C04F79EFBC}") = "CyberBot", "CyberBot\CyberBot.csproj", "{A569EB19-8345-4934-9C89-7C33F5E63CB0}"
EndProject
Global
	GlobalSection(SolutionConfigurationPlatforms) = preSolution
		Debug|Any CPU = Debug|Any CPU
		Release|Any CPU = Release|Any CPU
	EndGlobalSection
	GlobalSection(ProjectConfigurationPlatforms) = postSolution
		{A569EB19-8345-4934-9C89-7C33F5E63CB0}.Debug|Any CPU.ActiveCfg = Debug|Any CPU
		{A569EB19-8345-4934-9C89-7C33F5E63CB0}.Debug|Any CPU.Build.0 = Debug|Any CPU
		{A569EB19-8345-4934-9C89-7C33F5E63CB0}.Release|Any CPU.ActiveCfg = Release|Any CPU
		{A569EB19-8345-4934-9C89-7C33F5E63CB0}.Release|Any CPU.Build.0 = Release|Any CPU
	EndGlobalSection
	GlobalSection(SolutionProperties) = preSolution
		HideSolutionNode = FALSE
	EndGlobalSection
	GlobalSection(ExtensibilityGlobals) = postSolution
		SolutionGuid = {8A74A4DA-F576-4985-9607-1251EF0A68EE}
	EndGlobalSection
EndGlobal
